PODS:
  - Flutter (1.0.0)
  - flutter_native_shared_preferences (0.0.1):
    - Flutter

DEPENDENCIES:
  - Flutter (from `Flutter`)
  - flutter_native_shared_preferences (from `.symlinks/plugins/flutter_native_shared_preferences/ios`)

EXTERNAL SOURCES:
  Flutter:
    :path: Flutter
  flutter_native_shared_preferences:
    :path: ".symlinks/plugins/flutter_native_shared_preferences/ios"

SPEC CHECKSUMS:
  Flutter: 0e3d915762c693b495b44d77113d4970485de6ec
  flutter_native_shared_preferences: 2134fc080493fcdfdbe5838f9b3375547510fa1d

PODFILE CHECKSUM: c34e2287a9ccaa606aeceab922830efb9a6ff69a

COCOAPODS: 1.8.4
